// !$*UTF8*$!
{
	archiveVersion = 1;
	classes = {
	};
	objectVersion = 56;
	objects = {

/* Begin PBXBuildFile section */
		A90C96B92AFE80AF00E27F07 /* FeedSelectionViewModel.swift in Sources */ = {isa = PBXBuildFile; fileRef = A90C96B82AFE80AF00E27F07 /* FeedSelectionViewModel.swift */; };
		A92662F92B1F318E00AC8F2C /* SectionButton.swift in Sources */ = {isa = PBXBuildFile; fileRef = A92662F82B1F318E00AC8F2C /* SectionButton.swift */; };
		A92662FB2B1F33DC00AC8F2C /* ItemInfoView.swift in Sources */ = {isa = PBXBuildFile; fileRef = A92662FA2B1F33DC00AC8F2C /* ItemInfoView.swift */; };
		A92662FD2B1F4F2800AC8F2C /* ItemInfoViewModel.swift in Sources */ = {isa = PBXBuildFile; fileRef = A92662FC2B1F4F2800AC8F2C /* ItemInfoViewModel.swift */; };
		A9280F152B15F63800E98F92 /* ArtInstituteEndpoint.swift in Sources */ = {isa = PBXBuildFile; fileRef = A9280F142B15F63800E98F92 /* ArtInstituteEndpoint.swift */; };
		A9280F192B15FA7500E98F92 /* ArtInstituteArtworks.swift in Sources */ = {isa = PBXBuildFile; fileRef = A9280F182B15FA7500E98F92 /* ArtInstituteArtworks.swift */; };
		A9280F1B2B15FC3700E98F92 /* ArtInstituteApiService.swift in Sources */ = {isa = PBXBuildFile; fileRef = A9280F1A2B15FC3700E98F92 /* ArtInstituteApiService.swift */; };
		A9280F1D2B160ADC00E98F92 /* MOMAEndpoint.swift in Sources */ = {isa = PBXBuildFile; fileRef = A9280F1C2B160ADC00E98F92 /* MOMAEndpoint.swift */; };
		A9280F202B160C1100E98F92 /* MOMAObjectIds.swift in Sources */ = {isa = PBXBuildFile; fileRef = A9280F1F2B160C1100E98F92 /* MOMAObjectIds.swift */; };
		A9280F222B160C3F00E98F92 /* MOMAObject.swift in Sources */ = {isa = PBXBuildFile; fileRef = A9280F212B160C3F00E98F92 /* MOMAObject.swift */; };
		A9280F242B160CB100E98F92 /* MOMAService.swift in Sources */ = {isa = PBXBuildFile; fileRef = A9280F232B160CB100E98F92 /* MOMAService.swift */; };
		A94E4BB42AFBB58F00D10EF6 /* RijksMusuemApiService.swift in Sources */ = {isa = PBXBuildFile; fileRef = A94E4BB32AFBB58F00D10EF6 /* RijksMusuemApiService.swift */; };
		A94E4BB82AFBB64200D10EF6 /* RijksArtObjects.swift in Sources */ = {isa = PBXBuildFile; fileRef = A94E4BB72AFBB64200D10EF6 /* RijksArtObjects.swift */; };
		A94E4BBB2AFBBF4F00D10EF6 /* NavigationCoordinator.swift in Sources */ = {isa = PBXBuildFile; fileRef = A94E4BBA2AFBBF4F00D10EF6 /* NavigationCoordinator.swift */; };
		A94E4BBD2AFBBF9700D10EF6 /* Storyboarded.swift in Sources */ = {isa = PBXBuildFile; fileRef = A94E4BBC2AFBBF9700D10EF6 /* Storyboarded.swift */; };
		A94E4BC12AFBC6DF00D10EF6 /* MainCoordinator.swift in Sources */ = {isa = PBXBuildFile; fileRef = A94E4BC02AFBC6DF00D10EF6 /* MainCoordinator.swift */; };
		A96CFC732AFFADA7006C6383 /* UITableView+Cell.swift in Sources */ = {isa = PBXBuildFile; fileRef = A96CFC722AFFADA7006C6383 /* UITableView+Cell.swift */; };
		A96CFC752AFFAEDD006C6383 /* FeedSelectionCellModel.swift in Sources */ = {isa = PBXBuildFile; fileRef = A96CFC742AFFAEDD006C6383 /* FeedSelectionCellModel.swift */; };
		A96CFC782AFFB036006C6383 /* FeedSelectionTableViewCell.swift in Sources */ = {isa = PBXBuildFile; fileRef = A96CFC772AFFB036006C6383 /* FeedSelectionTableViewCell.swift */; };
		A96CFC7A2AFFB15F006C6383 /* FeedSelectionModalViewController.swift in Sources */ = {isa = PBXBuildFile; fileRef = A96CFC792AFFB15F006C6383 /* FeedSelectionModalViewController.swift */; };
		A96CFC7C2AFFB249006C6383 /* TableView.swift in Sources */ = {isa = PBXBuildFile; fileRef = A96CFC7B2AFFB249006C6383 /* TableView.swift */; };
		A96EE9FA2B020EFA003189B7 /* MuseFeedViewModel.swift in Sources */ = {isa = PBXBuildFile; fileRef = A96EE9F92B020EFA003189B7 /* MuseFeedViewModel.swift */; };
		A96EEA002B0218B4003189B7 /* MuseFeedCollectionViewController.swift in Sources */ = {isa = PBXBuildFile; fileRef = A96EE9FF2B0218B4003189B7 /* MuseFeedCollectionViewController.swift */; };
		A96EEA022B021A3E003189B7 /* MuseItemCollectionViewCell.swift in Sources */ = {isa = PBXBuildFile; fileRef = A96EEA012B021A3E003189B7 /* MuseItemCollectionViewCell.swift */; };
		A96EEA042B021AC9003189B7 /* MuseItem.swift in Sources */ = {isa = PBXBuildFile; fileRef = A96EEA032B021AC9003189B7 /* MuseItem.swift */; };
		A96FDBC82B1DC4BD00004834 /* UIImageView+Helpers.swift in Sources */ = {isa = PBXBuildFile; fileRef = A96FDBC72B1DC4BD00004834 /* UIImageView+Helpers.swift */; };
		A97DDD252B21DC1C00D6D13F /* DeviceConfiguration.swift in Sources */ = {isa = PBXBuildFile; fileRef = A97DDD242B21DC1C00D6D13F /* DeviceConfiguration.swift */; };
		A97DDD272B22184200D6D13F /* UIView+Spinner.swift in Sources */ = {isa = PBXBuildFile; fileRef = A97DDD262B22184200D6D13F /* UIView+Spinner.swift */; };
		A9852ECD2AF7B1B700AD7C5C /* AppDelegate.swift in Sources */ = {isa = PBXBuildFile; fileRef = A9852ECC2AF7B1B700AD7C5C /* AppDelegate.swift */; };
		A9852ECF2AF7B1B700AD7C5C /* SceneDelegate.swift in Sources */ = {isa = PBXBuildFile; fileRef = A9852ECE2AF7B1B700AD7C5C /* SceneDelegate.swift */; };
		A9852ED12AF7B1B700AD7C5C /* GetStartedViewController.swift in Sources */ = {isa = PBXBuildFile; fileRef = A9852ED02AF7B1B700AD7C5C /* GetStartedViewController.swift */; };
		A9852ED42AF7B1B700AD7C5C /* Main.storyboard in Resources */ = {isa = PBXBuildFile; fileRef = A9852ED22AF7B1B700AD7C5C /* Main.storyboard */; };
		A9852ED62AF7B1B800AD7C5C /* Assets.xcassets in Resources */ = {isa = PBXBuildFile; fileRef = A9852ED52AF7B1B800AD7C5C /* Assets.xcassets */; };
		A9852ED92AF7B1B800AD7C5C /* LaunchScreen.storyboard in Resources */ = {isa = PBXBuildFile; fileRef = A9852ED72AF7B1B800AD7C5C /* LaunchScreen.storyboard */; };
		A9852EE42AF7B1B800AD7C5C /* musefeedTests.swift in Sources */ = {isa = PBXBuildFile; fileRef = A9852EE32AF7B1B800AD7C5C /* musefeedTests.swift */; };
		A9852EEE2AF7B1B800AD7C5C /* musefeedUITests.swift in Sources */ = {isa = PBXBuildFile; fileRef = A9852EED2AF7B1B800AD7C5C /* musefeedUITests.swift */; };
		A9852EF02AF7B1B800AD7C5C /* musefeedUITestsLaunchTests.swift in Sources */ = {isa = PBXBuildFile; fileRef = A9852EEF2AF7B1B800AD7C5C /* musefeedUITestsLaunchTests.swift */; };
		A9852EFF2AF7B49500AD7C5C /* APIDataProvidable.swift in Sources */ = {isa = PBXBuildFile; fileRef = A9852EFE2AF7B49500AD7C5C /* APIDataProvidable.swift */; };
		A9852F012AF7B5E100AD7C5C /* APIError.swift in Sources */ = {isa = PBXBuildFile; fileRef = A9852F002AF7B5E100AD7C5C /* APIError.swift */; };
		A9852F062AF7E54F00AD7C5C /* Endpoint.swift in Sources */ = {isa = PBXBuildFile; fileRef = A9852F052AF7E54F00AD7C5C /* Endpoint.swift */; };
		A995BB192B1896E4000F3125 /* MuseFeedSectionHeader.swift in Sources */ = {isa = PBXBuildFile; fileRef = A995BB182B1896E4000F3125 /* MuseFeedSectionHeader.swift */; };
		A9AEB8982B0E42C3009E573D /* PanZoomImageView.swift in Sources */ = {isa = PBXBuildFile; fileRef = A9AEB8972B0E42C3009E573D /* PanZoomImageView.swift */; };
		A9C255912B10D9D700A5251C /* ItemInfoViewController.swift in Sources */ = {isa = PBXBuildFile; fileRef = A9C255902B10D9D700A5251C /* ItemInfoViewController.swift */; };
		A9CD1E3C2B0E0D8C0044C086 /* DetailViewController.swift in Sources */ = {isa = PBXBuildFile; fileRef = A9CD1E3B2B0E0D8C0044C086 /* DetailViewController.swift */; };
		A9D327502AFBA3760057F86C /* RijksMuseumEndpoint.swift in Sources */ = {isa = PBXBuildFile; fileRef = A9D3274F2AFBA3760057F86C /* RijksMuseumEndpoint.swift */; };
		A9D327512AFBA41E0057F86C /* Environment.swift in Sources */ = {isa = PBXBuildFile; fileRef = A9D3274D2AFBA1520057F86C /* Environment.swift */; };
		A9FA97712B01049400B35468 /* TableDataSource.swift in Sources */ = {isa = PBXBuildFile; fileRef = A9FA97702B01049400B35468 /* TableDataSource.swift */; };
		A9FA97732B0104BD00B35468 /* FeedOption.swift in Sources */ = {isa = PBXBuildFile; fileRef = A9FA97722B0104BD00B35468 /* FeedOption.swift */; };
		A9FA97752B01052A00B35468 /* TableSection.swift in Sources */ = {isa = PBXBuildFile; fileRef = A9FA97742B01052A00B35468 /* TableSection.swift */; };
/* End PBXBuildFile section */

/* Begin PBXContainerItemProxy section */
		A9852EE02AF7B1B800AD7C5C /* PBXContainerItemProxy */ = {
			isa = PBXContainerItemProxy;
			containerPortal = A9852EC12AF7B1B700AD7C5C /* Project object */;
			proxyType = 1;
			remoteGlobalIDString = A9852EC82AF7B1B700AD7C5C;
			remoteInfo = musefeed;
		};
		A9852EEA2AF7B1B800AD7C5C /* PBXContainerItemProxy */ = {
			isa = PBXContainerItemProxy;
			containerPortal = A9852EC12AF7B1B700AD7C5C /* Project object */;
			proxyType = 1;
			remoteGlobalIDString = A9852EC82AF7B1B700AD7C5C;
			remoteInfo = musefeed;
		};
/* End PBXContainerItemProxy section */

/* Begin PBXFileReference section */
		A90C96B82AFE80AF00E27F07 /* FeedSelectionViewModel.swift */ = {isa = PBXFileReference; lastKnownFileType = sourcecode.swift; path = FeedSelectionViewModel.swift; sourceTree = "<group>"; };
		A92662F82B1F318E00AC8F2C /* SectionButton.swift */ = {isa = PBXFileReference; lastKnownFileType = sourcecode.swift; path = SectionButton.swift; sourceTree = "<group>"; };
		A92662FA2B1F33DC00AC8F2C /* ItemInfoView.swift */ = {isa = PBXFileReference; lastKnownFileType = sourcecode.swift; path = ItemInfoView.swift; sourceTree = "<group>"; };
		A92662FC2B1F4F2800AC8F2C /* ItemInfoViewModel.swift */ = {isa = PBXFileReference; lastKnownFileType = sourcecode.swift; path = ItemInfoViewModel.swift; sourceTree = "<group>"; };
		A9280F142B15F63800E98F92 /* ArtInstituteEndpoint.swift */ = {isa = PBXFileReference; lastKnownFileType = sourcecode.swift; path = ArtInstituteEndpoint.swift; sourceTree = "<group>"; };
		A9280F182B15FA7500E98F92 /* ArtInstituteArtworks.swift */ = {isa = PBXFileReference; lastKnownFileType = sourcecode.swift; path = ArtInstituteArtworks.swift; sourceTree = "<group>"; };
		A9280F1A2B15FC3700E98F92 /* ArtInstituteApiService.swift */ = {isa = PBXFileReference; lastKnownFileType = sourcecode.swift; path = ArtInstituteApiService.swift; sourceTree = "<group>"; };
		A9280F1C2B160ADC00E98F92 /* MOMAEndpoint.swift */ = {isa = PBXFileReference; lastKnownFileType = sourcecode.swift; path = MOMAEndpoint.swift; sourceTree = "<group>"; };
		A9280F1F2B160C1100E98F92 /* MOMAObjectIds.swift */ = {isa = PBXFileReference; lastKnownFileType = sourcecode.swift; path = MOMAObjectIds.swift; sourceTree = "<group>"; };
		A9280F212B160C3F00E98F92 /* MOMAObject.swift */ = {isa = PBXFileReference; lastKnownFileType = sourcecode.swift; path = MOMAObject.swift; sourceTree = "<group>"; };
		A9280F232B160CB100E98F92 /* MOMAService.swift */ = {isa = PBXFileReference; lastKnownFileType = sourcecode.swift; path = MOMAService.swift; sourceTree = "<group>"; };
		A94E4BB32AFBB58F00D10EF6 /* RijksMusuemApiService.swift */ = {isa = PBXFileReference; lastKnownFileType = sourcecode.swift; path = RijksMusuemApiService.swift; sourceTree = "<group>"; };
		A94E4BB72AFBB64200D10EF6 /* RijksArtObjects.swift */ = {isa = PBXFileReference; lastKnownFileType = sourcecode.swift; path = RijksArtObjects.swift; sourceTree = "<group>"; };
		A94E4BBA2AFBBF4F00D10EF6 /* NavigationCoordinator.swift */ = {isa = PBXFileReference; lastKnownFileType = sourcecode.swift; path = NavigationCoordinator.swift; sourceTree = "<group>"; };
		A94E4BBC2AFBBF9700D10EF6 /* Storyboarded.swift */ = {isa = PBXFileReference; lastKnownFileType = sourcecode.swift; path = Storyboarded.swift; sourceTree = "<group>"; };
		A94E4BC02AFBC6DF00D10EF6 /* MainCoordinator.swift */ = {isa = PBXFileReference; lastKnownFileType = sourcecode.swift; path = MainCoordinator.swift; sourceTree = "<group>"; };
		A96CFC722AFFADA7006C6383 /* UITableView+Cell.swift */ = {isa = PBXFileReference; lastKnownFileType = sourcecode.swift; path = "UITableView+Cell.swift"; sourceTree = "<group>"; };
		A96CFC742AFFAEDD006C6383 /* FeedSelectionCellModel.swift */ = {isa = PBXFileReference; lastKnownFileType = sourcecode.swift; path = FeedSelectionCellModel.swift; sourceTree = "<group>"; };
		A96CFC772AFFB036006C6383 /* FeedSelectionTableViewCell.swift */ = {isa = PBXFileReference; lastKnownFileType = sourcecode.swift; path = FeedSelectionTableViewCell.swift; sourceTree = "<group>"; };
		A96CFC792AFFB15F006C6383 /* FeedSelectionModalViewController.swift */ = {isa = PBXFileReference; lastKnownFileType = sourcecode.swift; path = FeedSelectionModalViewController.swift; sourceTree = "<group>"; };
		A96CFC7B2AFFB249006C6383 /* TableView.swift */ = {isa = PBXFileReference; lastKnownFileType = sourcecode.swift; path = TableView.swift; sourceTree = "<group>"; };
		A96EE9F92B020EFA003189B7 /* MuseFeedViewModel.swift */ = {isa = PBXFileReference; lastKnownFileType = sourcecode.swift; path = MuseFeedViewModel.swift; sourceTree = "<group>"; };
		A96EE9FF2B0218B4003189B7 /* MuseFeedCollectionViewController.swift */ = {isa = PBXFileReference; lastKnownFileType = sourcecode.swift; path = MuseFeedCollectionViewController.swift; sourceTree = "<group>"; };
		A96EEA012B021A3E003189B7 /* MuseItemCollectionViewCell.swift */ = {isa = PBXFileReference; lastKnownFileType = sourcecode.swift; path = MuseItemCollectionViewCell.swift; sourceTree = "<group>"; };
		A96EEA032B021AC9003189B7 /* MuseItem.swift */ = {isa = PBXFileReference; lastKnownFileType = sourcecode.swift; path = MuseItem.swift; sourceTree = "<group>"; };
		A96FDBC72B1DC4BD00004834 /* UIImageView+Helpers.swift */ = {isa = PBXFileReference; lastKnownFileType = sourcecode.swift; path = "UIImageView+Helpers.swift"; sourceTree = "<group>"; };
		A97DDD242B21DC1C00D6D13F /* DeviceConfiguration.swift */ = {isa = PBXFileReference; lastKnownFileType = sourcecode.swift; path = DeviceConfiguration.swift; sourceTree = "<group>"; };
		A97DDD262B22184200D6D13F /* UIView+Spinner.swift */ = {isa = PBXFileReference; lastKnownFileType = sourcecode.swift; path = "UIView+Spinner.swift"; sourceTree = "<group>"; };
		A9852EC92AF7B1B700AD7C5C /* musefeed.app */ = {isa = PBXFileReference; explicitFileType = wrapper.application; includeInIndex = 0; path = musefeed.app; sourceTree = BUILT_PRODUCTS_DIR; };
		A9852ECC2AF7B1B700AD7C5C /* AppDelegate.swift */ = {isa = PBXFileReference; lastKnownFileType = sourcecode.swift; path = AppDelegate.swift; sourceTree = "<group>"; };
		A9852ECE2AF7B1B700AD7C5C /* SceneDelegate.swift */ = {isa = PBXFileReference; lastKnownFileType = sourcecode.swift; path = SceneDelegate.swift; sourceTree = "<group>"; };
		A9852ED02AF7B1B700AD7C5C /* GetStartedViewController.swift */ = {isa = PBXFileReference; lastKnownFileType = sourcecode.swift; path = GetStartedViewController.swift; sourceTree = "<group>"; };
		A9852ED32AF7B1B700AD7C5C /* Base */ = {isa = PBXFileReference; lastKnownFileType = file.storyboard; name = Base; path = Base.lproj/Main.storyboard; sourceTree = "<group>"; };
		A9852ED52AF7B1B800AD7C5C /* Assets.xcassets */ = {isa = PBXFileReference; lastKnownFileType = folder.assetcatalog; path = Assets.xcassets; sourceTree = "<group>"; };
		A9852ED82AF7B1B800AD7C5C /* Base */ = {isa = PBXFileReference; lastKnownFileType = file.storyboard; name = Base; path = Base.lproj/LaunchScreen.storyboard; sourceTree = "<group>"; };
		A9852EDA2AF7B1B800AD7C5C /* Info.plist */ = {isa = PBXFileReference; lastKnownFileType = text.plist.xml; path = Info.plist; sourceTree = "<group>"; };
		A9852EDF2AF7B1B800AD7C5C /* musefeedTests.xctest */ = {isa = PBXFileReference; explicitFileType = wrapper.cfbundle; includeInIndex = 0; path = musefeedTests.xctest; sourceTree = BUILT_PRODUCTS_DIR; };
		A9852EE32AF7B1B800AD7C5C /* musefeedTests.swift */ = {isa = PBXFileReference; lastKnownFileType = sourcecode.swift; path = musefeedTests.swift; sourceTree = "<group>"; };
		A9852EE92AF7B1B800AD7C5C /* musefeedUITests.xctest */ = {isa = PBXFileReference; explicitFileType = wrapper.cfbundle; includeInIndex = 0; path = musefeedUITests.xctest; sourceTree = BUILT_PRODUCTS_DIR; };
		A9852EED2AF7B1B800AD7C5C /* musefeedUITests.swift */ = {isa = PBXFileReference; lastKnownFileType = sourcecode.swift; path = musefeedUITests.swift; sourceTree = "<group>"; };
		A9852EEF2AF7B1B800AD7C5C /* musefeedUITestsLaunchTests.swift */ = {isa = PBXFileReference; lastKnownFileType = sourcecode.swift; path = musefeedUITestsLaunchTests.swift; sourceTree = "<group>"; };
		A9852EFE2AF7B49500AD7C5C /* APIDataProvidable.swift */ = {isa = PBXFileReference; lastKnownFileType = sourcecode.swift; path = APIDataProvidable.swift; sourceTree = "<group>"; };
		A9852F002AF7B5E100AD7C5C /* APIError.swift */ = {isa = PBXFileReference; lastKnownFileType = sourcecode.swift; path = APIError.swift; sourceTree = "<group>"; };
		A9852F052AF7E54F00AD7C5C /* Endpoint.swift */ = {isa = PBXFileReference; lastKnownFileType = sourcecode.swift; path = Endpoint.swift; sourceTree = "<group>"; };
		A995BB182B1896E4000F3125 /* MuseFeedSectionHeader.swift */ = {isa = PBXFileReference; lastKnownFileType = sourcecode.swift; path = MuseFeedSectionHeader.swift; sourceTree = "<group>"; };
		A9AEB8972B0E42C3009E573D /* PanZoomImageView.swift */ = {isa = PBXFileReference; lastKnownFileType = sourcecode.swift; path = PanZoomImageView.swift; sourceTree = "<group>"; };
		A9C255902B10D9D700A5251C /* ItemInfoViewController.swift */ = {isa = PBXFileReference; lastKnownFileType = sourcecode.swift; path = ItemInfoViewController.swift; sourceTree = "<group>"; };
		A9CD1E3B2B0E0D8C0044C086 /* DetailViewController.swift */ = {isa = PBXFileReference; lastKnownFileType = sourcecode.swift; path = DetailViewController.swift; sourceTree = "<group>"; };
		A9D3274C2AFB9CE20057F86C /* Config.xcconfig */ = {isa = PBXFileReference; lastKnownFileType = text.xcconfig; path = Config.xcconfig; sourceTree = "<group>"; };
		A9D3274D2AFBA1520057F86C /* Environment.swift */ = {isa = PBXFileReference; lastKnownFileType = sourcecode.swift; path = Environment.swift; sourceTree = "<group>"; };
		A9D3274F2AFBA3760057F86C /* RijksMuseumEndpoint.swift */ = {isa = PBXFileReference; lastKnownFileType = sourcecode.swift; path = RijksMuseumEndpoint.swift; sourceTree = "<group>"; };
		A9FA97702B01049400B35468 /* TableDataSource.swift */ = {isa = PBXFileReference; lastKnownFileType = sourcecode.swift; path = TableDataSource.swift; sourceTree = "<group>"; };
		A9FA97722B0104BD00B35468 /* FeedOption.swift */ = {isa = PBXFileReference; lastKnownFileType = sourcecode.swift; path = FeedOption.swift; sourceTree = "<group>"; };
		A9FA97742B01052A00B35468 /* TableSection.swift */ = {isa = PBXFileReference; lastKnownFileType = sourcecode.swift; path = TableSection.swift; sourceTree = "<group>"; };
/* End PBXFileReference section */

/* Begin PBXFrameworksBuildPhase section */
		A9852EC62AF7B1B700AD7C5C /* Frameworks */ = {
			isa = PBXFrameworksBuildPhase;
			buildActionMask = 2147483647;
			files = (
			);
			runOnlyForDeploymentPostprocessing = 0;
		};
		A9852EDC2AF7B1B800AD7C5C /* Frameworks */ = {
			isa = PBXFrameworksBuildPhase;
			buildActionMask = 2147483647;
			files = (
			);
			runOnlyForDeploymentPostprocessing = 0;
		};
		A9852EE62AF7B1B800AD7C5C /* Frameworks */ = {
			isa = PBXFrameworksBuildPhase;
			buildActionMask = 2147483647;
			files = (
			);
			runOnlyForDeploymentPostprocessing = 0;
		};
/* End PBXFrameworksBuildPhase section */

/* Begin PBXGroup section */
		A90C96B72AFE809600E27F07 /* ViewModels */ = {
			isa = PBXGroup;
			children = (
				A90C96B82AFE80AF00E27F07 /* FeedSelectionViewModel.swift */,
				A96EE9F92B020EFA003189B7 /* MuseFeedViewModel.swift */,
				A92662FC2B1F4F2800AC8F2C /* ItemInfoViewModel.swift */,
			);
			path = ViewModels;
			sourceTree = "<group>";
		};
		A90C96BA2AFE822200E27F07 /* Utilities */ = {
			isa = PBXGroup;
			children = (
				A9FA97702B01049400B35468 /* TableDataSource.swift */,
				A97DDD242B21DC1C00D6D13F /* DeviceConfiguration.swift */,
			);
			path = Utilities;
			sourceTree = "<group>";
		};
		A91C78602AFBA8E30042F8B9 /* Services */ = {
			isa = PBXGroup;
			children = (
				A94E4BB32AFBB58F00D10EF6 /* RijksMusuemApiService.swift */,
				A9280F1A2B15FC3700E98F92 /* ArtInstituteApiService.swift */,
				A9280F232B160CB100E98F92 /* MOMAService.swift */,
			);
			path = Services;
			sourceTree = "<group>";
		};
		A9280F172B15FA3A00E98F92 /* Art Institute API Models */ = {
			isa = PBXGroup;
			children = (
				A9280F182B15FA7500E98F92 /* ArtInstituteArtworks.swift */,
			);
			path = "Art Institute API Models";
			sourceTree = "<group>";
		};
		A9280F1E2B160BF200E98F92 /* MOMA API Models */ = {
			isa = PBXGroup;
			children = (
				A9280F1F2B160C1100E98F92 /* MOMAObjectIds.swift */,
				A9280F212B160C3F00E98F92 /* MOMAObject.swift */,
			);
			path = "MOMA API Models";
			sourceTree = "<group>";
		};
		A94E4BB52AFBB5F600D10EF6 /* API Models */ = {
			isa = PBXGroup;
			children = (
				A9280F1E2B160BF200E98F92 /* MOMA API Models */,
				A9280F172B15FA3A00E98F92 /* Art Institute API Models */,
				A94E4BB62AFBB60900D10EF6 /* Rijks API Models */,
			);
			path = "API Models";
			sourceTree = "<group>";
		};
		A94E4BB62AFBB60900D10EF6 /* Rijks API Models */ = {
			isa = PBXGroup;
			children = (
				A94E4BB72AFBB64200D10EF6 /* RijksArtObjects.swift */,
			);
			path = "Rijks API Models";
			sourceTree = "<group>";
		};
		A94E4BB92AFBBF3400D10EF6 /* Navigation */ = {
			isa = PBXGroup;
			children = (
				A94E4BBA2AFBBF4F00D10EF6 /* NavigationCoordinator.swift */,
				A94E4BBC2AFBBF9700D10EF6 /* Storyboarded.swift */,
				A94E4BC02AFBC6DF00D10EF6 /* MainCoordinator.swift */,
			);
			path = Navigation;
			sourceTree = "<group>";
		};
		A94E4BC22AFBCEDD00D10EF6 /* ViewControllers */ = {
			isa = PBXGroup;
			children = (
				A9852ED02AF7B1B700AD7C5C /* GetStartedViewController.swift */,
				A96CFC792AFFB15F006C6383 /* FeedSelectionModalViewController.swift */,
				A96EE9FF2B0218B4003189B7 /* MuseFeedCollectionViewController.swift */,
				A9CD1E3B2B0E0D8C0044C086 /* DetailViewController.swift */,
				A9C255902B10D9D700A5251C /* ItemInfoViewController.swift */,
			);
			path = ViewControllers;
			sourceTree = "<group>";
		};
		A94E4BC92AFBDC2B00D10EF6 /* Models */ = {
			isa = PBXGroup;
			children = (
				A90C96B72AFE809600E27F07 /* ViewModels */,
				A96CFC742AFFAEDD006C6383 /* FeedSelectionCellModel.swift */,
				A9FA97722B0104BD00B35468 /* FeedOption.swift */,
				A9FA97742B01052A00B35468 /* TableSection.swift */,
				A96EEA032B021AC9003189B7 /* MuseItem.swift */,
			);
			path = Models;
			sourceTree = "<group>";
		};
		A96CFC712AFFAD59006C6383 /* Extensions */ = {
			isa = PBXGroup;
			children = (
				A96CFC722AFFADA7006C6383 /* UITableView+Cell.swift */,
				A96FDBC72B1DC4BD00004834 /* UIImageView+Helpers.swift */,
				A97DDD262B22184200D6D13F /* UIView+Spinner.swift */,
			);
			path = Extensions;
			sourceTree = "<group>";
		};
		A96CFC762AFFAFEE006C6383 /* Views */ = {
			isa = PBXGroup;
			children = (
				A96CFC772AFFB036006C6383 /* FeedSelectionTableViewCell.swift */,
				A96CFC7B2AFFB249006C6383 /* TableView.swift */,
				A96EEA012B021A3E003189B7 /* MuseItemCollectionViewCell.swift */,
				A9AEB8972B0E42C3009E573D /* PanZoomImageView.swift */,
				A995BB182B1896E4000F3125 /* MuseFeedSectionHeader.swift */,
				A92662F82B1F318E00AC8F2C /* SectionButton.swift */,
				A92662FA2B1F33DC00AC8F2C /* ItemInfoView.swift */,
			);
			path = Views;
			sourceTree = "<group>";
		};
		A9852EC02AF7B1B700AD7C5C = {
			isa = PBXGroup;
			children = (
				A9D3274D2AFBA1520057F86C /* Environment.swift */,
				A9D3274C2AFB9CE20057F86C /* Config.xcconfig */,
				A9852ECB2AF7B1B700AD7C5C /* musefeed */,
				A9852EE22AF7B1B800AD7C5C /* musefeedTests */,
				A9852EEC2AF7B1B800AD7C5C /* musefeedUITests */,
				A9852ECA2AF7B1B700AD7C5C /* Products */,
			);
			sourceTree = "<group>";
		};
		A9852ECA2AF7B1B700AD7C5C /* Products */ = {
			isa = PBXGroup;
			children = (
				A9852EC92AF7B1B700AD7C5C /* musefeed.app */,
				A9852EDF2AF7B1B800AD7C5C /* musefeedTests.xctest */,
				A9852EE92AF7B1B800AD7C5C /* musefeedUITests.xctest */,
			);
			name = Products;
			sourceTree = "<group>";
		};
		A9852ECB2AF7B1B700AD7C5C /* musefeed */ = {
			isa = PBXGroup;
			children = (
				A96CFC762AFFAFEE006C6383 /* Views */,
				A96CFC712AFFAD59006C6383 /* Extensions */,
				A90C96BA2AFE822200E27F07 /* Utilities */,
				A94E4BC92AFBDC2B00D10EF6 /* Models */,
				A94E4BC22AFBCEDD00D10EF6 /* ViewControllers */,
				A94E4BB92AFBBF3400D10EF6 /* Navigation */,
				A9852EFC2AF7B46F00AD7C5C /* Network */,
				A9852ECC2AF7B1B700AD7C5C /* AppDelegate.swift */,
				A9852ECE2AF7B1B700AD7C5C /* SceneDelegate.swift */,
				A9852ED22AF7B1B700AD7C5C /* Main.storyboard */,
				A9852ED52AF7B1B800AD7C5C /* Assets.xcassets */,
				A9852ED72AF7B1B800AD7C5C /* LaunchScreen.storyboard */,
				A9852EDA2AF7B1B800AD7C5C /* Info.plist */,
			);
			path = musefeed;
			sourceTree = "<group>";
		};
		A9852EE22AF7B1B800AD7C5C /* musefeedTests */ = {
			isa = PBXGroup;
			children = (
				A9852EE32AF7B1B800AD7C5C /* musefeedTests.swift */,
			);
			path = musefeedTests;
			sourceTree = "<group>";
		};
		A9852EEC2AF7B1B800AD7C5C /* musefeedUITests */ = {
			isa = PBXGroup;
			children = (
				A9852EED2AF7B1B800AD7C5C /* musefeedUITests.swift */,
				A9852EEF2AF7B1B800AD7C5C /* musefeedUITestsLaunchTests.swift */,
			);
			path = musefeedUITests;
			sourceTree = "<group>";
		};
		A9852EFC2AF7B46F00AD7C5C /* Network */ = {
			isa = PBXGroup;
			children = (
				A94E4BB52AFBB5F600D10EF6 /* API Models */,
				A91C78602AFBA8E30042F8B9 /* Services */,
				A9D3274E2AFBA3610057F86C /* Endpoint */,
				A9852EFD2AF7B47E00AD7C5C /* API */,
			);
			path = Network;
			sourceTree = "<group>";
		};
		A9852EFD2AF7B47E00AD7C5C /* API */ = {
			isa = PBXGroup;
			children = (
				A9852EFE2AF7B49500AD7C5C /* APIDataProvidable.swift */,
				A9852F002AF7B5E100AD7C5C /* APIError.swift */,
			);
			path = API;
			sourceTree = "<group>";
		};
		A9D3274E2AFBA3610057F86C /* Endpoint */ = {
			isa = PBXGroup;
			children = (
				A9852F052AF7E54F00AD7C5C /* Endpoint.swift */,
				A9D3274F2AFBA3760057F86C /* RijksMuseumEndpoint.swift */,
				A9280F142B15F63800E98F92 /* ArtInstituteEndpoint.swift */,
				A9280F1C2B160ADC00E98F92 /* MOMAEndpoint.swift */,
			);
			path = Endpoint;
			sourceTree = "<group>";
		};
/* End PBXGroup section */

/* Begin PBXNativeTarget section */
		A9852EC82AF7B1B700AD7C5C /* musefeed */ = {
			isa = PBXNativeTarget;
			buildConfigurationList = A9852EF32AF7B1B800AD7C5C /* Build configuration list for PBXNativeTarget "musefeed" */;
			buildPhases = (
				A9852EC52AF7B1B700AD7C5C /* Sources */,
				A9852EC62AF7B1B700AD7C5C /* Frameworks */,
				A9852EC72AF7B1B700AD7C5C /* Resources */,
			);
			buildRules = (
			);
			dependencies = (
			);
			name = musefeed;
			productName = musefeed;
			productReference = A9852EC92AF7B1B700AD7C5C /* musefeed.app */;
			productType = "com.apple.product-type.application";
		};
		A9852EDE2AF7B1B800AD7C5C /* musefeedTests */ = {
			isa = PBXNativeTarget;
			buildConfigurationList = A9852EF62AF7B1B800AD7C5C /* Build configuration list for PBXNativeTarget "musefeedTests" */;
			buildPhases = (
				A9852EDB2AF7B1B800AD7C5C /* Sources */,
				A9852EDC2AF7B1B800AD7C5C /* Frameworks */,
				A9852EDD2AF7B1B800AD7C5C /* Resources */,
			);
			buildRules = (
			);
			dependencies = (
				A9852EE12AF7B1B800AD7C5C /* PBXTargetDependency */,
			);
			name = musefeedTests;
			productName = musefeedTests;
			productReference = A9852EDF2AF7B1B800AD7C5C /* musefeedTests.xctest */;
			productType = "com.apple.product-type.bundle.unit-test";
		};
		A9852EE82AF7B1B800AD7C5C /* musefeedUITests */ = {
			isa = PBXNativeTarget;
			buildConfigurationList = A9852EF92AF7B1B800AD7C5C /* Build configuration list for PBXNativeTarget "musefeedUITests" */;
			buildPhases = (
				A9852EE52AF7B1B800AD7C5C /* Sources */,
				A9852EE62AF7B1B800AD7C5C /* Frameworks */,
				A9852EE72AF7B1B800AD7C5C /* Resources */,
			);
			buildRules = (
			);
			dependencies = (
				A9852EEB2AF7B1B800AD7C5C /* PBXTargetDependency */,
			);
			name = musefeedUITests;
			productName = musefeedUITests;
			productReference = A9852EE92AF7B1B800AD7C5C /* musefeedUITests.xctest */;
			productType = "com.apple.product-type.bundle.ui-testing";
		};
/* End PBXNativeTarget section */

/* Begin PBXProject section */
		A9852EC12AF7B1B700AD7C5C /* Project object */ = {
			isa = PBXProject;
			attributes = {
				BuildIndependentTargetsInParallel = NO;
				LastSwiftUpdateCheck = 1500;
				LastUpgradeCheck = 1500;
				TargetAttributes = {
					A9852EC82AF7B1B700AD7C5C = {
						CreatedOnToolsVersion = 15.0.1;
					};
					A9852EDE2AF7B1B800AD7C5C = {
						CreatedOnToolsVersion = 15.0.1;
						TestTargetID = A9852EC82AF7B1B700AD7C5C;
					};
					A9852EE82AF7B1B800AD7C5C = {
						CreatedOnToolsVersion = 15.0.1;
						TestTargetID = A9852EC82AF7B1B700AD7C5C;
					};
				};
			};
			buildConfigurationList = A9852EC42AF7B1B700AD7C5C /* Build configuration list for PBXProject "musefeed" */;
			compatibilityVersion = "Xcode 14.0";
			developmentRegion = en;
			hasScannedForEncodings = 0;
			knownRegions = (
				en,
				Base,
			);
			mainGroup = A9852EC02AF7B1B700AD7C5C;
			productRefGroup = A9852ECA2AF7B1B700AD7C5C /* Products */;
			projectDirPath = "";
			projectRoot = "";
			targets = (
				A9852EC82AF7B1B700AD7C5C /* musefeed */,
				A9852EDE2AF7B1B800AD7C5C /* musefeedTests */,
				A9852EE82AF7B1B800AD7C5C /* musefeedUITests */,
			);
		};
/* End PBXProject section */

/* Begin PBXResourcesBuildPhase section */
		A9852EC72AF7B1B700AD7C5C /* Resources */ = {
			isa = PBXResourcesBuildPhase;
			buildActionMask = 2147483647;
			files = (
				A9852ED92AF7B1B800AD7C5C /* LaunchScreen.storyboard in Resources */,
				A9852ED62AF7B1B800AD7C5C /* Assets.xcassets in Resources */,
				A9852ED42AF7B1B700AD7C5C /* Main.storyboard in Resources */,
			);
			runOnlyForDeploymentPostprocessing = 0;
		};
		A9852EDD2AF7B1B800AD7C5C /* Resources */ = {
			isa = PBXResourcesBuildPhase;
			buildActionMask = 2147483647;
			files = (
			);
			runOnlyForDeploymentPostprocessing = 0;
		};
		A9852EE72AF7B1B800AD7C5C /* Resources */ = {
			isa = PBXResourcesBuildPhase;
			buildActionMask = 2147483647;
			files = (
			);
			runOnlyForDeploymentPostprocessing = 0;
		};
/* End PBXResourcesBuildPhase section */

/* Begin PBXSourcesBuildPhase section */
		A9852EC52AF7B1B700AD7C5C /* Sources */ = {
			isa = PBXSourcesBuildPhase;
			buildActionMask = 2147483647;
			files = (
				A9AEB8982B0E42C3009E573D /* PanZoomImageView.swift in Sources */,
				A96EEA042B021AC9003189B7 /* MuseItem.swift in Sources */,
				A9280F192B15FA7500E98F92 /* ArtInstituteArtworks.swift in Sources */,
				A9FA97712B01049400B35468 /* TableDataSource.swift in Sources */,
				A96CFC732AFFADA7006C6383 /* UITableView+Cell.swift in Sources */,
				A92662FD2B1F4F2800AC8F2C /* ItemInfoViewModel.swift in Sources */,
				A9852ED12AF7B1B700AD7C5C /* GetStartedViewController.swift in Sources */,
				A9280F202B160C1100E98F92 /* MOMAObjectIds.swift in Sources */,
				A94E4BB42AFBB58F00D10EF6 /* RijksMusuemApiService.swift in Sources */,
				A96EEA022B021A3E003189B7 /* MuseItemCollectionViewCell.swift in Sources */,
				A9FA97732B0104BD00B35468 /* FeedOption.swift in Sources */,
				A9D327512AFBA41E0057F86C /* Environment.swift in Sources */,
				A9D327502AFBA3760057F86C /* RijksMuseumEndpoint.swift in Sources */,
				A97DDD272B22184200D6D13F /* UIView+Spinner.swift in Sources */,
				A9280F1B2B15FC3700E98F92 /* ArtInstituteApiService.swift in Sources */,
				A9280F1D2B160ADC00E98F92 /* MOMAEndpoint.swift in Sources */,
				A94E4BBB2AFBBF4F00D10EF6 /* NavigationCoordinator.swift in Sources */,
				A9852ECD2AF7B1B700AD7C5C /* AppDelegate.swift in Sources */,
				A96EE9FA2B020EFA003189B7 /* MuseFeedViewModel.swift in Sources */,
				A9C255912B10D9D700A5251C /* ItemInfoViewController.swift in Sources */,
				A96CFC7C2AFFB249006C6383 /* TableView.swift in Sources */,
				A9852EFF2AF7B49500AD7C5C /* APIDataProvidable.swift in Sources */,
				A92662FB2B1F33DC00AC8F2C /* ItemInfoView.swift in Sources */,
				A90C96B92AFE80AF00E27F07 /* FeedSelectionViewModel.swift in Sources */,
				A9280F152B15F63800E98F92 /* ArtInstituteEndpoint.swift in Sources */,
				A96CFC782AFFB036006C6383 /* FeedSelectionTableViewCell.swift in Sources */,
				A94E4BB82AFBB64200D10EF6 /* RijksArtObjects.swift in Sources */,
				A97DDD252B21DC1C00D6D13F /* DeviceConfiguration.swift in Sources */,
				A995BB192B1896E4000F3125 /* MuseFeedSectionHeader.swift in Sources */,
				A9280F242B160CB100E98F92 /* MOMAService.swift in Sources */,
				A9FA97752B01052A00B35468 /* TableSection.swift in Sources */,
				A9852F012AF7B5E100AD7C5C /* APIError.swift in Sources */,
				A9852F062AF7E54F00AD7C5C /* Endpoint.swift in Sources */,
				A96CFC752AFFAEDD006C6383 /* FeedSelectionCellModel.swift in Sources */,
				A9280F222B160C3F00E98F92 /* MOMAObject.swift in Sources */,
				A92662F92B1F318E00AC8F2C /* SectionButton.swift in Sources */,
				A96CFC7A2AFFB15F006C6383 /* FeedSelectionModalViewController.swift in Sources */,
				A96EEA002B0218B4003189B7 /* MuseFeedCollectionViewController.swift in Sources */,
				A94E4BC12AFBC6DF00D10EF6 /* MainCoordinator.swift in Sources */,
				A9852ECF2AF7B1B700AD7C5C /* SceneDelegate.swift in Sources */,
				A96FDBC82B1DC4BD00004834 /* UIImageView+Helpers.swift in Sources */,
				A94E4BBD2AFBBF9700D10EF6 /* Storyboarded.swift in Sources */,
				A9CD1E3C2B0E0D8C0044C086 /* DetailViewController.swift in Sources */,
			);
			runOnlyForDeploymentPostprocessing = 0;
		};
		A9852EDB2AF7B1B800AD7C5C /* Sources */ = {
			isa = PBXSourcesBuildPhase;
			buildActionMask = 2147483647;
			files = (
				A9852EE42AF7B1B800AD7C5C /* musefeedTests.swift in Sources */,
			);
			runOnlyForDeploymentPostprocessing = 0;
		};
		A9852EE52AF7B1B800AD7C5C /* Sources */ = {
			isa = PBXSourcesBuildPhase;
			buildActionMask = 2147483647;
			files = (
				A9852EF02AF7B1B800AD7C5C /* musefeedUITestsLaunchTests.swift in Sources */,
				A9852EEE2AF7B1B800AD7C5C /* musefeedUITests.swift in Sources */,
			);
			runOnlyForDeploymentPostprocessing = 0;
		};
/* End PBXSourcesBuildPhase section */

/* Begin PBXTargetDependency section */
		A9852EE12AF7B1B800AD7C5C /* PBXTargetDependency */ = {
			isa = PBXTargetDependency;
			target = A9852EC82AF7B1B700AD7C5C /* musefeed */;
			targetProxy = A9852EE02AF7B1B800AD7C5C /* PBXContainerItemProxy */;
		};
		A9852EEB2AF7B1B800AD7C5C /* PBXTargetDependency */ = {
			isa = PBXTargetDependency;
			target = A9852EC82AF7B1B700AD7C5C /* musefeed */;
			targetProxy = A9852EEA2AF7B1B800AD7C5C /* PBXContainerItemProxy */;
		};
/* End PBXTargetDependency section */

/* Begin PBXVariantGroup section */
		A9852ED22AF7B1B700AD7C5C /* Main.storyboard */ = {
			isa = PBXVariantGroup;
			children = (
				A9852ED32AF7B1B700AD7C5C /* Base */,
			);
			name = Main.storyboard;
			sourceTree = "<group>";
		};
		A9852ED72AF7B1B800AD7C5C /* LaunchScreen.storyboard */ = {
			isa = PBXVariantGroup;
			children = (
				A9852ED82AF7B1B800AD7C5C /* Base */,
			);
			name = LaunchScreen.storyboard;
			sourceTree = "<group>";
		};
/* End PBXVariantGroup section */

/* Begin XCBuildConfiguration section */
		A9852EF12AF7B1B800AD7C5C /* Debug */ = {
			isa = XCBuildConfiguration;
			baseConfigurationReference = A9D3274C2AFB9CE20057F86C /* Config.xcconfig */;
			buildSettings = {
				ALWAYS_SEARCH_USER_PATHS = NO;
				ASSETCATALOG_COMPILER_GENERATE_SWIFT_ASSET_SYMBOL_EXTENSIONS = YES;
				CLANG_ANALYZER_NONNULL = YES;
				CLANG_ANALYZER_NUMBER_OBJECT_CONVERSION = YES_AGGRESSIVE;
				CLANG_CXX_LANGUAGE_STANDARD = "gnu++20";
				CLANG_ENABLE_MODULES = YES;
				CLANG_ENABLE_OBJC_ARC = YES;
				CLANG_ENABLE_OBJC_WEAK = YES;
				CLANG_WARN_BLOCK_CAPTURE_AUTORELEASING = YES;
				CLANG_WARN_BOOL_CONVERSION = YES;
				CLANG_WARN_COMMA = YES;
				CLANG_WARN_CONSTANT_CONVERSION = YES;
				CLANG_WARN_DEPRECATED_OBJC_IMPLEMENTATIONS = YES;
				CLANG_WARN_DIRECT_OBJC_ISA_USAGE = YES_ERROR;
				CLANG_WARN_DOCUMENTATION_COMMENTS = YES;
				CLANG_WARN_EMPTY_BODY = YES;
				CLANG_WARN_ENUM_CONVERSION = YES;
				CLANG_WARN_INFINITE_RECURSION = YES;
				CLANG_WARN_INT_CONVERSION = YES;
				CLANG_WARN_NON_LITERAL_NULL_CONVERSION = YES;
				CLANG_WARN_OBJC_IMPLICIT_RETAIN_SELF = YES;
				CLANG_WARN_OBJC_LITERAL_CONVERSION = YES;
				CLANG_WARN_OBJC_ROOT_CLASS = YES_ERROR;
				CLANG_WARN_QUOTED_INCLUDE_IN_FRAMEWORK_HEADER = YES;
				CLANG_WARN_RANGE_LOOP_ANALYSIS = YES;
				CLANG_WARN_STRICT_PROTOTYPES = YES;
				CLANG_WARN_SUSPICIOUS_MOVE = YES;
				CLANG_WARN_UNGUARDED_AVAILABILITY = YES_AGGRESSIVE;
				CLANG_WARN_UNREACHABLE_CODE = YES;
				CLANG_WARN__DUPLICATE_METHOD_MATCH = YES;
				COPY_PHASE_STRIP = NO;
				DEBUG_INFORMATION_FORMAT = dwarf;
				ENABLE_STRICT_OBJC_MSGSEND = YES;
				ENABLE_TESTABILITY = YES;
				ENABLE_USER_SCRIPT_SANDBOXING = YES;
				GCC_C_LANGUAGE_STANDARD = gnu17;
				GCC_DYNAMIC_NO_PIC = NO;
				GCC_NO_COMMON_BLOCKS = YES;
				GCC_OPTIMIZATION_LEVEL = 0;
				GCC_PREPROCESSOR_DEFINITIONS = (
					"DEBUG=1",
					"$(inherited)",
				);
				GCC_WARN_64_TO_32_BIT_CONVERSION = YES;
				GCC_WARN_ABOUT_RETURN_TYPE = YES_ERROR;
				GCC_WARN_UNDECLARED_SELECTOR = YES;
				GCC_WARN_UNINITIALIZED_AUTOS = YES_AGGRESSIVE;
				GCC_WARN_UNUSED_FUNCTION = YES;
				GCC_WARN_UNUSED_VARIABLE = YES;
				IPHONEOS_DEPLOYMENT_TARGET = 17.0;
				LOCALIZATION_PREFERS_STRING_CATALOGS = YES;
				MTL_ENABLE_DEBUG_INFO = INCLUDE_SOURCE;
				MTL_FAST_MATH = YES;
				ONLY_ACTIVE_ARCH = YES;
				SDKROOT = iphoneos;
				SWIFT_ACTIVE_COMPILATION_CONDITIONS = "DEBUG $(inherited)";
				SWIFT_OPTIMIZATION_LEVEL = "-Onone";
			};
			name = Debug;
		};
		A9852EF22AF7B1B800AD7C5C /* Release */ = {
			isa = XCBuildConfiguration;
			baseConfigurationReference = A9D3274C2AFB9CE20057F86C /* Config.xcconfig */;
			buildSettings = {
				ALWAYS_SEARCH_USER_PATHS = NO;
				ASSETCATALOG_COMPILER_GENERATE_SWIFT_ASSET_SYMBOL_EXTENSIONS = YES;
				CLANG_ANALYZER_NONNULL = YES;
				CLANG_ANALYZER_NUMBER_OBJECT_CONVERSION = YES_AGGRESSIVE;
				CLANG_CXX_LANGUAGE_STANDARD = "gnu++20";
				CLANG_ENABLE_MODULES = YES;
				CLANG_ENABLE_OBJC_ARC = YES;
				CLANG_ENABLE_OBJC_WEAK = YES;
				CLANG_WARN_BLOCK_CAPTURE_AUTORELEASING = YES;
				CLANG_WARN_BOOL_CONVERSION = YES;
				CLANG_WARN_COMMA = YES;
				CLANG_WARN_CONSTANT_CONVERSION = YES;
				CLANG_WARN_DEPRECATED_OBJC_IMPLEMENTATIONS = YES;
				CLANG_WARN_DIRECT_OBJC_ISA_USAGE = YES_ERROR;
				CLANG_WARN_DOCUMENTATION_COMMENTS = YES;
				CLANG_WARN_EMPTY_BODY = YES;
				CLANG_WARN_ENUM_CONVERSION = YES;
				CLANG_WARN_INFINITE_RECURSION = YES;
				CLANG_WARN_INT_CONVERSION = YES;
				CLANG_WARN_NON_LITERAL_NULL_CONVERSION = YES;
				CLANG_WARN_OBJC_IMPLICIT_RETAIN_SELF = YES;
				CLANG_WARN_OBJC_LITERAL_CONVERSION = YES;
				CLANG_WARN_OBJC_ROOT_CLASS = YES_ERROR;
				CLANG_WARN_QUOTED_INCLUDE_IN_FRAMEWORK_HEADER = YES;
				CLANG_WARN_RANGE_LOOP_ANALYSIS = YES;
				CLANG_WARN_STRICT_PROTOTYPES = YES;
				CLANG_WARN_SUSPICIOUS_MOVE = YES;
				CLANG_WARN_UNGUARDED_AVAILABILITY = YES_AGGRESSIVE;
				CLANG_WARN_UNREACHABLE_CODE = YES;
				CLANG_WARN__DUPLICATE_METHOD_MATCH = YES;
				COPY_PHASE_STRIP = NO;
				DEBUG_INFORMATION_FORMAT = "dwarf-with-dsym";
				ENABLE_NS_ASSERTIONS = NO;
				ENABLE_STRICT_OBJC_MSGSEND = YES;
				ENABLE_USER_SCRIPT_SANDBOXING = YES;
				GCC_C_LANGUAGE_STANDARD = gnu17;
				GCC_NO_COMMON_BLOCKS = YES;
				GCC_WARN_64_TO_32_BIT_CONVERSION = YES;
				GCC_WARN_ABOUT_RETURN_TYPE = YES_ERROR;
				GCC_WARN_UNDECLARED_SELECTOR = YES;
				GCC_WARN_UNINITIALIZED_AUTOS = YES_AGGRESSIVE;
				GCC_WARN_UNUSED_FUNCTION = YES;
				GCC_WARN_UNUSED_VARIABLE = YES;
				IPHONEOS_DEPLOYMENT_TARGET = 17.0;
				LOCALIZATION_PREFERS_STRING_CATALOGS = YES;
				MTL_ENABLE_DEBUG_INFO = NO;
				MTL_FAST_MATH = YES;
				SDKROOT = iphoneos;
				SWIFT_COMPILATION_MODE = wholemodule;
				VALIDATE_PRODUCT = YES;
			};
			name = Release;
		};
		A9852EF42AF7B1B800AD7C5C /* Debug */ = {
			isa = XCBuildConfiguration;
			buildSettings = {
				ASSETCATALOG_COMPILER_APPICON_NAME = AppIcon;
				ASSETCATALOG_COMPILER_GLOBAL_ACCENT_COLOR_NAME = AccentColor;
				CODE_SIGN_STYLE = Automatic;
				CURRENT_PROJECT_VERSION = 1;
				GENERATE_INFOPLIST_FILE = YES;
				INFOPLIST_FILE = musefeed/Info.plist;
				INFOPLIST_KEY_UIApplicationSupportsIndirectInputEvents = YES;
				INFOPLIST_KEY_UILaunchStoryboardName = LaunchScreen;
				INFOPLIST_KEY_UISupportedInterfaceOrientations_iPad = "UIInterfaceOrientationPortrait UIInterfaceOrientationPortraitUpsideDown UIInterfaceOrientationLandscapeLeft UIInterfaceOrientationLandscapeRight";
				INFOPLIST_KEY_UISupportedInterfaceOrientations_iPhone = "UIInterfaceOrientationPortrait UIInterfaceOrientationLandscapeLeft UIInterfaceOrientationLandscapeRight";
				LD_RUNPATH_SEARCH_PATHS = (
					"$(inherited)",
					"@executable_path/Frameworks",
				);
				MARKETING_VERSION = 1.0;
				PRODUCT_BUNDLE_IDENTIFIER = com.google.mpuhlenb.musefeed;
				PRODUCT_NAME = "$(TARGET_NAME)";
				SWIFT_EMIT_LOC_STRINGS = YES;
				SWIFT_VERSION = 5.0;
				TARGETED_DEVICE_FAMILY = "1,2";
			};
			name = Debug;
		};
		A9852EF52AF7B1B800AD7C5C /* Release */ = {
			isa = XCBuildConfiguration;
			buildSettings = {
				ASSETCATALOG_COMPILER_APPICON_NAME = AppIcon;
				ASSETCATALOG_COMPILER_GLOBAL_ACCENT_COLOR_NAME = AccentColor;
				CODE_SIGN_STYLE = Automatic;
				CURRENT_PROJECT_VERSION = 1;
				GENERATE_INFOPLIST_FILE = YES;
				INFOPLIST_FILE = musefeed/Info.plist;
				INFOPLIST_KEY_UIApplicationSupportsIndirectInputEvents = YES;
				INFOPLIST_KEY_UILaunchStoryboardName = LaunchScreen;
				INFOPLIST_KEY_UISupportedInterfaceOrientations_iPad = "UIInterfaceOrientationPortrait UIInterfaceOrientationPortraitUpsideDown UIInterfaceOrientationLandscapeLeft UIInterfaceOrientationLandscapeRight";
				INFOPLIST_KEY_UISupportedInterfaceOrientations_iPhone = "UIInterfaceOrientationPortrait UIInterfaceOrientationLandscapeLeft UIInterfaceOrientationLandscapeRight";
				LD_RUNPATH_SEARCH_PATHS = (
					"$(inherited)",
					"@executable_path/Frameworks",
				);
				MARKETING_VERSION = 1.0;
				PRODUCT_BUNDLE_IDENTIFIER = com.google.mpuhlenb.musefeed;
				PRODUCT_NAME = "$(TARGET_NAME)";
				SWIFT_EMIT_LOC_STRINGS = YES;
				SWIFT_VERSION = 5.0;
				TARGETED_DEVICE_FAMILY = "1,2";
			};
			name = Release;
		};
		A9852EF72AF7B1B800AD7C5C /* Debug */ = {
			isa = XCBuildConfiguration;
			buildSettings = {
				ALWAYS_EMBED_SWIFT_STANDARD_LIBRARIES = YES;
				BUNDLE_LOADER = "$(TEST_HOST)";
				CODE_SIGN_STYLE = Automatic;
				CURRENT_PROJECT_VERSION = 1;
				GENERATE_INFOPLIST_FILE = YES;
				IPHONEOS_DEPLOYMENT_TARGET = 17.0;
				MARKETING_VERSION = 1.0;
				PRODUCT_BUNDLE_IDENTIFIER = com.google.mpuhlenb.musefeedTests;
				PRODUCT_NAME = "$(TARGET_NAME)";
				SWIFT_EMIT_LOC_STRINGS = NO;
				SWIFT_VERSION = 5.0;
				TARGETED_DEVICE_FAMILY = "1,2";
				TEST_HOST = "$(BUILT_PRODUCTS_DIR)/musefeed.app/$(BUNDLE_EXECUTABLE_FOLDER_PATH)/musefeed";
			};
			name = Debug;
		};
		A9852EF82AF7B1B800AD7C5C /* Release */ = {
			isa = XCBuildConfiguration;
			buildSettings = {
				ALWAYS_EMBED_SWIFT_STANDARD_LIBRARIES = YES;
				BUNDLE_LOADER = "$(TEST_HOST)";
				CODE_SIGN_STYLE = Automatic;
				CURRENT_PROJECT_VERSION = 1;
				GENERATE_INFOPLIST_FILE = YES;
				IPHONEOS_DEPLOYMENT_TARGET = 17.0;
				MARKETING_VERSION = 1.0;
				PRODUCT_BUNDLE_IDENTIFIER = com.google.mpuhlenb.musefeedTests;
				PRODUCT_NAME = "$(TARGET_NAME)";
				SWIFT_EMIT_LOC_STRINGS = NO;
				SWIFT_VERSION = 5.0;
				TARGETED_DEVICE_FAMILY = "1,2";
				TEST_HOST = "$(BUILT_PRODUCTS_DIR)/musefeed.app/$(BUNDLE_EXECUTABLE_FOLDER_PATH)/musefeed";
			};
			name = Release;
		};
		A9852EFA2AF7B1B800AD7C5C /* Debug */ = {
			isa = XCBuildConfiguration;
			buildSettings = {
				ALWAYS_EMBED_SWIFT_STANDARD_LIBRARIES = YES;
				CODE_SIGN_STYLE = Automatic;
				CURRENT_PROJECT_VERSION = 1;
				GENERATE_INFOPLIST_FILE = YES;
				MARKETING_VERSION = 1.0;
				PRODUCT_BUNDLE_IDENTIFIER = com.google.mpuhlenb.musefeedUITests;
				PRODUCT_NAME = "$(TARGET_NAME)";
				SWIFT_EMIT_LOC_STRINGS = NO;
				SWIFT_VERSION = 5.0;
				TARGETED_DEVICE_FAMILY = "1,2";
				TEST_TARGET_NAME = musefeed;
			};
			name = Debug;
		};
		A9852EFB2AF7B1B800AD7C5C /* Release */ = {
			isa = XCBuildConfiguration;
			buildSettings = {
				ALWAYS_EMBED_SWIFT_STANDARD_LIBRARIES = YES;
				CODE_SIGN_STYLE = Automatic;
				CURRENT_PROJECT_VERSION = 1;
				GENERATE_INFOPLIST_FILE = YES;
				MARKETING_VERSION = 1.0;
				PRODUCT_BUNDLE_IDENTIFIER = com.google.mpuhlenb.musefeedUITests;
				PRODUCT_NAME = "$(TARGET_NAME)";
				SWIFT_EMIT_LOC_STRINGS = NO;
				SWIFT_VERSION = 5.0;
				TARGETED_DEVICE_FAMILY = "1,2";
				TEST_TARGET_NAME = musefeed;
			};
			name = Release;
		};
/* End XCBuildConfiguration section */

/* Begin XCConfigurationList section */
		A9852EC42AF7B1B700AD7C5C /* Build configuration list for PBXProject "musefeed" */ = {
			isa = XCConfigurationList;
			buildConfigurations = (
				A9852EF12AF7B1B800AD7C5C /* Debug */,
				A9852EF22AF7B1B800AD7C5C /* Release */,
			);
			defaultConfigurationIsVisible = 0;
			defaultConfigurationName = Release;
		};
		A9852EF32AF7B1B800AD7C5C /* Build configuration list for PBXNativeTarget "musefeed" */ = {
			isa = XCConfigurationList;
			buildConfigurations = (
				A9852EF42AF7B1B800AD7C5C /* Debug */,
				A9852EF52AF7B1B800AD7C5C /* Release */,
			);
			defaultConfigurationIsVisible = 0;
			defaultConfigurationName = Release;
		};
		A9852EF62AF7B1B800AD7C5C /* Build configuration list for PBXNativeTarget "musefeedTests" */ = {
			isa = XCConfigurationList;
			buildConfigurations = (
				A9852EF72AF7B1B800AD7C5C /* Debug */,
				A9852EF82AF7B1B800AD7C5C /* Release */,
			);
			defaultConfigurationIsVisible = 0;
			defaultConfigurationName = Release;
		};
		A9852EF92AF7B1B800AD7C5C /* Build configuration list for PBXNativeTarget "musefeedUITests" */ = {
			isa = XCConfigurationList;
			buildConfigurations = (
				A9852EFA2AF7B1B800AD7C5C /* Debug */,
				A9852EFB2AF7B1B800AD7C5C /* Release */,
			);
			defaultConfigurationIsVisible = 0;
			defaultConfigurationName = Release;
		};
/* End XCConfigurationList section */
	};
	rootObject = A9852EC12AF7B1B700AD7C5C /* Project object */;
}
